
Microsoft Visual Studio Solution File, Format Version 12.00
# Visual Studio Version 17
VisualStudioVersion = 17.9.34622.214
MinimumVisualStudioVersion = 10.0.40219.1
Project("{2150E333-8FDC-42A3-9474-1A3956D46DE8}") = "EShop", "EShop", "{9DBCB94B-FE5E-42D6-807D-BDD0AAC3EB4C}"
EndProject
Project("{9A19103F-16F7-4668-BE54-9A1E7A4F7556}") = "EShop.Web", "EShop.Web\EShop.Web.csproj", "{24BB7996-E447-4473-ADB1-DC58793A7AEC}"
EndProject
Project("{FAE04EC0-301F-11D3-BF4B-00C04F79EFBC}") = "EShop.Domain", "EShop.Domain\EShop.Domain.csproj", "{A9A37FDB-C563-4026-BBE4-87BC4B94B6C3}"
EndProject
Project("{FAE04EC0-301F-11D3-BF4B-00C04F79EFBC}") = "EShop.Repository", "EShop.Repository\EShop.Repository.csproj", "{71C65D1D-8FCA-4F43-8E73-47421F1E393F}"
EndProject
Project("{FAE04EC0-301F-11D3-BF4B-00C04F79EFBC}") = "EShop.Service", "EShop.Service\EShop.Service.csproj", "{208810C9-9C98-4A47-8127-CF1B4E5A4307}"
EndProject
Global
	GlobalSection(SolutionConfigurationPlatforms) = preSolution
		Debug|Any CPU = Debug|Any CPU
		Release|Any CPU = Release|Any CPU
	EndGlobalSection
	GlobalSection(ProjectConfigurationPlatforms) = postSolution
		{24BB7996-E447-4473-ADB1-DC58793A7AEC}.Debug|Any CPU.ActiveCfg = Debug|Any CPU
		{24BB7996-E447-4473-ADB1-DC58793A7AEC}.Debug|Any CPU.Build.0 = Debug|Any CPU
		{24BB7996-E447-4473-ADB1-DC58793A7AEC}.Release|Any CPU.ActiveCfg = Release|Any CPU
		{24BB7996-E447-4473-ADB1-DC58793A7AEC}.Release|Any CPU.Build.0 = Release|Any CPU
		{A9A37FDB-C563-4026-BBE4-87BC4B94B6C3}.Debug|Any CPU.ActiveCfg = Debug|Any CPU
		{A9A37FDB-C563-4026-BBE4-87BC4B94B6C3}.Debug|Any CPU.Build.0 = Debug|Any CPU
		{A9A37FDB-C563-4026-BBE4-87BC4B94B6C3}.Release|Any CPU.ActiveCfg = Release|Any CPU
		{A9A37FDB-C563-4026-BBE4-87BC4B94B6C3}.Release|Any CPU.Build.0 = Release|Any CPU
		{71C65D1D-8FCA-4F43-8E73-47421F1E393F}.Debug|Any CPU.ActiveCfg = Debug|Any CPU
		{71C65D1D-8FCA-4F43-8E73-47421F1E393F}.Debug|Any CPU.Build.0 = Debug|Any CPU
		{71C65D1D-8FCA-4F43-8E73-47421F1E393F}.Release|Any CPU.ActiveCfg = Release|Any CPU
		{71C65D1D-8FCA-4F43-8E73-47421F1E393F}.Release|Any CPU.Build.0 = Release|Any CPU
		{208810C9-9C98-4A47-8127-CF1B4E5A4307}.Debug|Any CPU.ActiveCfg = Debug|Any CPU
		{208810C9-9C98-4A47-8127-CF1B4E5A4307}.Debug|Any CPU.Build.0 = Debug|Any CPU
		{208810C9-9C98-4A47-8127-CF1B4E5A4307}.Release|Any CPU.ActiveCfg = Release|Any CPU
		{208810C9-9C98-4A47-8127-CF1B4E5A4307}.Release|Any CPU.Build.0 = Release|Any CPU
	EndGlobalSection
	GlobalSection(SolutionProperties) = preSolution
		HideSolutionNode = FALSE
	EndGlobalSection
	GlobalSection(NestedProjects) = preSolution
		{24BB7996-E447-4473-ADB1-DC58793A7AEC} = {9DBCB94B-FE5E-42D6-807D-BDD0AAC3EB4C}
		{A9A37FDB-C563-4026-BBE4-87BC4B94B6C3} = {9DBCB94B-FE5E-42D6-807D-BDD0AAC3EB4C}
		{71C65D1D-8FCA-4F43-8E73-47421F1E393F} = {9DBCB94B-FE5E-42D6-807D-BDD0AAC3EB4C}
		{208810C9-9C98-4A47-8127-CF1B4E5A4307} = {9DBCB94B-FE5E-42D6-807D-BDD0AAC3EB4C}
	EndGlobalSection
	GlobalSection(ExtensibilityGlobals) = postSolution
		SolutionGuid = {722477DB-AEF4-4630-8AC7-8F2489439CC4}
	EndGlobalSection
EndGlobal
